
Microsoft Visual Studio Solution File, Format Version 12.00
Project("{8BC9CEB8-8B4A-11D0-8D11-00A0C91BC942}") = "shag", "shag\shag.vcxproj", "{F39CEEED-0EF9-4F62-B906-D611C9701792}"
EndProject
Project("{8BC9CEB8-8B4A-11D0-8D11-00A0C91BC942}") = "shag_dz2", "shag_dz2\shag_dz2.vcxproj", "{9AC22BCA-9792-41A1-B622-2038CB8BFB70}"
EndProject
Project("{8BC9CEB8-8B4A-11D0-8D11-00A0C91BC942}") = "dz3", "dz3\dz3.vcxproj", "{6A1B4BA7-BAE8-43BC-8851-A1EF4B96AB21}"
EndProject
Project("{8BC9CEB8-8B4A-11D0-8D11-00A0C91BC942}") = "ConsoleApplication1", "ConsoleApplication1\ConsoleApplication1.vcxproj", "{11E35BF8-E507-4862-ABAD-534B6DCCC88A}"
EndProject
Project("{8BC9CEB8-8B4A-11D0-8D11-00A0C91BC942}") = "Dz_4", "Dz_4\Dz_4.vcxproj", "{6259FDEF-AAFC-4103-8651-C0913B489D1A}"
EndProject
Project("{8BC9CEB8-8B4A-11D0-8D11-00A0C91BC942}") = "DZ_5", "DZ_5\DZ_5.vcxproj", "{A93BC8C2-02DA-4C05-8E93-7090DB1D0D77}"
EndProject
Project("{8BC9CEB8-8B4A-11D0-8D11-00A0C91BC942}") = "DZ_6", "DZ_6\DZ_6.vcxproj", "{7653018B-4E3D-4864-9F1C-5FC868A7F665}"
EndProject
Project("{8BC9CEB8-8B4A-11D0-8D11-00A0C91BC942}") = "sr", "sr\sr.vcxproj", "{7E51C749-26DB-4B8D-A849-6B4C9ECC8692}"
EndProject
Project("{8BC9CEB8-8B4A-11D0-8D11-00A0C91BC942}") = "dz19", "dz19\dz19.vcxproj", "{E7976CA3-F7D7-4652-BB36-7AA04E2F41A4}"
EndProject
Project("{8BC9CEB8-8B4A-11D0-8D11-00A0C91BC942}") = "dz21", "dz21\dz21.vcxproj", "{33DE7D9A-F3E3-4C2E-BC0C-6ABF384552E3}"
EndProject
Project("{8BC9CEB8-8B4A-11D0-8D11-00A0C91BC942}") = "dz20", "dz20\dz20.vcxproj", "{11A71C3E-AD0E-4185-8F0D-EEC03778F11B}"
EndProject
Project("{8BC9CEB8-8B4A-11D0-8D11-00A0C91BC942}") = "dz27.28", "dz27.28\dz27.28.vcxproj", "{322D2F1B-0920-42B0-9945-B01745C4392F}"
EndProject
Project("{8BC9CEB8-8B4A-11D0-8D11-00A0C91BC942}") = "dz35-36", "dz35-36\dz35-36.vcxproj", "{7D0DEC6F-9958-4E6D-B359-FD2BEE0EE90D}"
EndProject
Project("{8BC9CEB8-8B4A-11D0-8D11-00A0C91BC942}") = "dz39-40", "dz39-40\dz39-40.vcxproj", "{D5B65582-D42E-4BE7-82FC-3C56968769EC}"
EndProject
Project("{8BC9CEB8-8B4A-11D0-8D11-00A0C91BC942}") = "dz43-44", "dz43-44\dz43-44.vcxproj", "{C8B07E02-3147-4A5F-B4CA-E1D0241BC7C5}"
EndProject
Project("{8BC9CEB8-8B4A-11D0-8D11-00A0C91BC942}") = "dz45-46", "dz45-46\dz45-46.vcxproj", "{90A36E87-E8AE-417D-B532-1A4E3E9295ED}"
EndProject
Project("{8BC9CEB8-8B4A-11D0-8D11-00A0C91BC942}") = "dz47-48", "dz47-48\dz47-48.vcxproj", "{FA08600B-F7CD-4BFB-9EDF-BE177032DA7A}"
EndProject
Project("{8BC9CEB8-8B4A-11D0-8D11-00A0C91BC942}") = "dz49-50", "dz49-50\dz49-50.vcxproj", "{A0E165EB-A556-4402-99A3-FD87817CD437}"
EndProject
Project("{8BC9CEB8-8B4A-11D0-8D11-00A0C91BC942}") = "dz53-54", "dz53-54\dz53-54.vcxproj", "{167686A5-20A7-462F-9251-5CA65E15BD3B}"
EndProject
Project("{8BC9CEB8-8B4A-11D0-8D11-00A0C91BC942}") = "dz55-56", "dz55-56\dz55-56.vcxproj", "{E164257A-089E-4BA7-B471-B5C0568E100A}"
EndProject
Project("{8BC9CEB8-8B4A-11D0-8D11-00A0C91BC942}") = "dz57-58", "dz57-58\dz57-58.vcxproj", "{81997C9A-2057-409C-820C-F8188A05621D}"
EndProject
Project("{8BC9CEB8-8B4A-11D0-8D11-00A0C91BC942}") = "ConsoleApplication2", "ConsoleApplication2\ConsoleApplication2.vcxproj", "{BC487996-F965-4488-B308-E585D113190C}"
EndProject
Project("{8BC9CEB8-8B4A-11D0-8D11-00A0C91BC942}") = "dz63-64", "dz63-64\dz63-64.vcxproj", "{769D9FF3-50B9-4808-ABA2-958FE18D88B0}"
EndProject
Project("{8BC9CEB8-8B4A-11D0-8D11-00A0C91BC942}") = "dz65-66", "dz65-66\dz65-66.vcxproj", "{F0F40DD3-62C0-4DA8-922D-37B5E4804966}"
EndProject
Project("{8BC9CEB8-8B4A-11D0-8D11-00A0C91BC942}") = "Examen", "Examen\Examen.vcxproj", "{668B886A-1E61-431E-AEF5-2A8E67AF89FE}"
EndProject
Global
	GlobalSection(SolutionConfigurationPlatforms) = preSolution
		Debug|Win32 = Debug|Win32
		Debug|x64 = Debug|x64
		Release|Win32 = Release|Win32
		Release|x64 = Release|x64
	EndGlobalSection
	GlobalSection(ProjectConfigurationPlatforms) = postSolution
		{F39CEEED-0EF9-4F62-B906-D611C9701792}.Debug|Win32.ActiveCfg = Debug|Win32
		{F39CEEED-0EF9-4F62-B906-D611C9701792}.Debug|Win32.Build.0 = Debug|Win32
		{F39CEEED-0EF9-4F62-B906-D611C9701792}.Debug|x64.ActiveCfg = Debug|x64
		{F39CEEED-0EF9-4F62-B906-D611C9701792}.Debug|x64.Build.0 = Debug|x64
		{F39CEEED-0EF9-4F62-B906-D611C9701792}.Release|Win32.ActiveCfg = Release|Win32
		{F39CEEED-0EF9-4F62-B906-D611C9701792}.Release|Win32.Build.0 = Release|Win32
		{F39CEEED-0EF9-4F62-B906-D611C9701792}.Release|x64.ActiveCfg = Release|x64
		{F39CEEED-0EF9-4F62-B906-D611C9701792}.Release|x64.Build.0 = Release|x64
		{9AC22BCA-9792-41A1-B622-2038CB8BFB70}.Debug|Win32.ActiveCfg = Debug|Win32
		{9AC22BCA-9792-41A1-B622-2038CB8BFB70}.Debug|Win32.Build.0 = Debug|Win32
		{9AC22BCA-9792-41A1-B622-2038CB8BFB70}.Debug|x64.ActiveCfg = Debug|x64
		{9AC22BCA-9792-41A1-B622-2038CB8BFB70}.Debug|x64.Build.0 = Debug|x64
		{9AC22BCA-9792-41A1-B622-2038CB8BFB70}.Release|Win32.ActiveCfg = Release|Win32
		{9AC22BCA-9792-41A1-B622-2038CB8BFB70}.Release|Win32.Build.0 = Release|Win32
		{9AC22BCA-9792-41A1-B622-2038CB8BFB70}.Release|x64.ActiveCfg = Release|x64
		{9AC22BCA-9792-41A1-B622-2038CB8BFB70}.Release|x64.Build.0 = Release|x64
		{6A1B4BA7-BAE8-43BC-8851-A1EF4B96AB21}.Debug|Win32.ActiveCfg = Debug|Win32
		{6A1B4BA7-BAE8-43BC-8851-A1EF4B96AB21}.Debug|Win32.Build.0 = Debug|Win32
		{6A1B4BA7-BAE8-43BC-8851-A1EF4B96AB21}.Debug|x64.ActiveCfg = Debug|x64
		{6A1B4BA7-BAE8-43BC-8851-A1EF4B96AB21}.Debug|x64.Build.0 = Debug|x64
		{6A1B4BA7-BAE8-43BC-8851-A1EF4B96AB21}.Release|Win32.ActiveCfg = Release|Win32
		{6A1B4BA7-BAE8-43BC-8851-A1EF4B96AB21}.Release|Win32.Build.0 = Release|Win32
		{6A1B4BA7-BAE8-43BC-8851-A1EF4B96AB21}.Release|x64.ActiveCfg = Release|x64
		{6A1B4BA7-BAE8-43BC-8851-A1EF4B96AB21}.Release|x64.Build.0 = Release|x64
		{11E35BF8-E507-4862-ABAD-534B6DCCC88A}.Debug|Win32.ActiveCfg = Debug|Win32
		{11E35BF8-E507-4862-ABAD-534B6DCCC88A}.Debug|Win32.Build.0 = Debug|Win32
		{11E35BF8-E507-4862-ABAD-534B6DCCC88A}.Debug|x64.ActiveCfg = Debug|x64
		{11E35BF8-E507-4862-ABAD-534B6DCCC88A}.Debug|x64.Build.0 = Debug|x64
		{11E35BF8-E507-4862-ABAD-534B6DCCC88A}.Release|Win32.ActiveCfg = Release|Win32
		{11E35BF8-E507-4862-ABAD-534B6DCCC88A}.Release|Win32.Build.0 = Release|Win32
		{11E35BF8-E507-4862-ABAD-534B6DCCC88A}.Release|x64.ActiveCfg = Release|x64
		{11E35BF8-E507-4862-ABAD-534B6DCCC88A}.Release|x64.Build.0 = Release|x64
		{6259FDEF-AAFC-4103-8651-C0913B489D1A}.Debug|Win32.ActiveCfg = Debug|Win32
		{6259FDEF-AAFC-4103-8651-C0913B489D1A}.Debug|Win32.Build.0 = Debug|Win32
		{6259FDEF-AAFC-4103-8651-C0913B489D1A}.Debug|x64.ActiveCfg = Debug|x64
		{6259FDEF-AAFC-4103-8651-C0913B489D1A}.Debug|x64.Build.0 = Debug|x64
		{6259FDEF-AAFC-4103-8651-C0913B489D1A}.Release|Win32.ActiveCfg = Release|Win32
		{6259FDEF-AAFC-4103-8651-C0913B489D1A}.Release|Win32.Build.0 = Release|Win32
		{6259FDEF-AAFC-4103-8651-C0913B489D1A}.Release|x64.ActiveCfg = Release|x64
		{6259FDEF-AAFC-4103-8651-C0913B489D1A}.Release|x64.Build.0 = Release|x64
		{A93BC8C2-02DA-4C05-8E93-7090DB1D0D77}.Debug|Win32.ActiveCfg = Debug|Win32
		{A93BC8C2-02DA-4C05-8E93-7090DB1D0D77}.Debug|Win32.Build.0 = Debug|Win32
		{A93BC8C2-02DA-4C05-8E93-7090DB1D0D77}.Debug|x64.ActiveCfg = Debug|x64
		{A93BC8C2-02DA-4C05-8E93-7090DB1D0D77}.Debug|x64.Build.0 = Debug|x64
		{A93BC8C2-02DA-4C05-8E93-7090DB1D0D77}.Release|Win32.ActiveCfg = Release|Win32
		{A93BC8C2-02DA-4C05-8E93-7090DB1D0D77}.Release|Win32.Build.0 = Release|Win32
		{A93BC8C2-02DA-4C05-8E93-7090DB1D0D77}.Release|x64.ActiveCfg = Release|x64
		{A93BC8C2-02DA-4C05-8E93-7090DB1D0D77}.Release|x64.Build.0 = Release|x64
		{7653018B-4E3D-4864-9F1C-5FC868A7F665}.Debug|Win32.ActiveCfg = Debug|Win32
		{7653018B-4E3D-4864-9F1C-5FC868A7F665}.Debug|Win32.Build.0 = Debug|Win32
		{7653018B-4E3D-4864-9F1C-5FC868A7F665}.Debug|x64.ActiveCfg = Debug|x64
		{7653018B-4E3D-4864-9F1C-5FC868A7F665}.Debug|x64.Build.0 = Debug|x64
		{7653018B-4E3D-4864-9F1C-5FC868A7F665}.Release|Win32.ActiveCfg = Release|Win32
		{7653018B-4E3D-4864-9F1C-5FC868A7F665}.Release|Win32.Build.0 = Release|Win32
		{7653018B-4E3D-4864-9F1C-5FC868A7F665}.Release|x64.ActiveCfg = Release|x64
		{7653018B-4E3D-4864-9F1C-5FC868A7F665}.Release|x64.Build.0 = Release|x64
		{7E51C749-26DB-4B8D-A849-6B4C9ECC8692}.Debug|Win32.ActiveCfg = Debug|Win32
		{7E51C749-26DB-4B8D-A849-6B4C9ECC8692}.Debug|Win32.Build.0 = Debug|Win32
		{7E51C749-26DB-4B8D-A849-6B4C9ECC8692}.Debug|x64.ActiveCfg = Debug|x64
		{7E51C749-26DB-4B8D-A849-6B4C9ECC8692}.Debug|x64.Build.0 = Debug|x64
		{7E51C749-26DB-4B8D-A849-6B4C9ECC8692}.Release|Win32.ActiveCfg = Release|Win32
		{7E51C749-26DB-4B8D-A849-6B4C9ECC8692}.Release|Win32.Build.0 = Release|Win32
		{7E51C749-26DB-4B8D-A849-6B4C9ECC8692}.Release|x64.ActiveCfg = Release|x64
		{7E51C749-26DB-4B8D-A849-6B4C9ECC8692}.Release|x64.Build.0 = Release|x64
		{E7976CA3-F7D7-4652-BB36-7AA04E2F41A4}.Debug|Win32.ActiveCfg = Debug|Win32
		{E7976CA3-F7D7-4652-BB36-7AA04E2F41A4}.Debug|Win32.Build.0 = Debug|Win32
		{E7976CA3-F7D7-4652-BB36-7AA04E2F41A4}.Debug|x64.ActiveCfg = Debug|x64
		{E7976CA3-F7D7-4652-BB36-7AA04E2F41A4}.Debug|x64.Build.0 = Debug|x64
		{E7976CA3-F7D7-4652-BB36-7AA04E2F41A4}.Release|Win32.ActiveCfg = Release|Win32
		{E7976CA3-F7D7-4652-BB36-7AA04E2F41A4}.Release|Win32.Build.0 = Release|Win32
		{E7976CA3-F7D7-4652-BB36-7AA04E2F41A4}.Release|x64.ActiveCfg = Release|x64
		{E7976CA3-F7D7-4652-BB36-7AA04E2F41A4}.Release|x64.Build.0 = Release|x64
		{33DE7D9A-F3E3-4C2E-BC0C-6ABF384552E3}.Debug|Win32.ActiveCfg = Debug|Win32
		{33DE7D9A-F3E3-4C2E-BC0C-6ABF384552E3}.Debug|Win32.Build.0 = Debug|Win32
		{33DE7D9A-F3E3-4C2E-BC0C-6ABF384552E3}.Debug|x64.ActiveCfg = Debug|x64
		{33DE7D9A-F3E3-4C2E-BC0C-6ABF384552E3}.Debug|x64.Build.0 = Debug|x64
		{33DE7D9A-F3E3-4C2E-BC0C-6ABF384552E3}.Release|Win32.ActiveCfg = Release|Win32
		{33DE7D9A-F3E3-4C2E-BC0C-6ABF384552E3}.Release|Win32.Build.0 = Release|Win32
		{33DE7D9A-F3E3-4C2E-BC0C-6ABF384552E3}.Release|x64.ActiveCfg = Release|x64
		{33DE7D9A-F3E3-4C2E-BC0C-6ABF384552E3}.Release|x64.Build.0 = Release|x64
		{11A71C3E-AD0E-4185-8F0D-EEC03778F11B}.Debug|Win32.ActiveCfg = Debug|Win32
		{11A71C3E-AD0E-4185-8F0D-EEC03778F11B}.Debug|Win32.Build.0 = Debug|Win32
		{11A71C3E-AD0E-4185-8F0D-EEC03778F11B}.Debug|x64.ActiveCfg = Debug|x64
		{11A71C3E-AD0E-4185-8F0D-EEC03778F11B}.Debug|x64.Build.0 = Debug|x64
		{11A71C3E-AD0E-4185-8F0D-EEC03778F11B}.Release|Win32.ActiveCfg = Release|Win32
		{11A71C3E-AD0E-4185-8F0D-EEC03778F11B}.Release|Win32.Build.0 = Release|Win32
		{11A71C3E-AD0E-4185-8F0D-EEC03778F11B}.Release|x64.ActiveCfg = Release|x64
		{11A71C3E-AD0E-4185-8F0D-EEC03778F11B}.Release|x64.Build.0 = Release|x64
		{322D2F1B-0920-42B0-9945-B01745C4392F}.Debug|Win32.ActiveCfg = Debug|Win32
		{322D2F1B-0920-42B0-9945-B01745C4392F}.Debug|Win32.Build.0 = Debug|Win32
		{322D2F1B-0920-42B0-9945-B01745C4392F}.Debug|x64.ActiveCfg = Debug|x64
		{322D2F1B-0920-42B0-9945-B01745C4392F}.Debug|x64.Build.0 = Debug|x64
		{322D2F1B-0920-42B0-9945-B01745C4392F}.Release|Win32.ActiveCfg = Release|Win32
		{322D2F1B-0920-42B0-9945-B01745C4392F}.Release|Win32.Build.0 = Release|Win32
		{322D2F1B-0920-42B0-9945-B01745C4392F}.Release|x64.ActiveCfg = Release|x64
		{322D2F1B-0920-42B0-9945-B01745C4392F}.Release|x64.Build.0 = Release|x64
		{7D0DEC6F-9958-4E6D-B359-FD2BEE0EE90D}.Debug|Win32.ActiveCfg = Debug|Win32
		{7D0DEC6F-9958-4E6D-B359-FD2BEE0EE90D}.Debug|Win32.Build.0 = Debug|Win32
		{7D0DEC6F-9958-4E6D-B359-FD2BEE0EE90D}.Debug|x64.ActiveCfg = Debug|x64
		{7D0DEC6F-9958-4E6D-B359-FD2BEE0EE90D}.Debug|x64.Build.0 = Debug|x64
		{7D0DEC6F-9958-4E6D-B359-FD2BEE0EE90D}.Release|Win32.ActiveCfg = Release|Win32
		{7D0DEC6F-9958-4E6D-B359-FD2BEE0EE90D}.Release|Win32.Build.0 = Release|Win32
		{7D0DEC6F-9958-4E6D-B359-FD2BEE0EE90D}.Release|x64.ActiveCfg = Release|x64
		{7D0DEC6F-9958-4E6D-B359-FD2BEE0EE90D}.Release|x64.Build.0 = Release|x64
		{D5B65582-D42E-4BE7-82FC-3C56968769EC}.Debug|Win32.ActiveCfg = Debug|Win32
		{D5B65582-D42E-4BE7-82FC-3C56968769EC}.Debug|Win32.Build.0 = Debug|Win32
		{D5B65582-D42E-4BE7-82FC-3C56968769EC}.Debug|x64.ActiveCfg = Debug|x64
		{D5B65582-D42E-4BE7-82FC-3C56968769EC}.Debug|x64.Build.0 = Debug|x64
		{D5B65582-D42E-4BE7-82FC-3C56968769EC}.Release|Win32.ActiveCfg = Release|Win32
		{D5B65582-D42E-4BE7-82FC-3C56968769EC}.Release|Win32.Build.0 = Release|Win32
		{D5B65582-D42E-4BE7-82FC-3C56968769EC}.Release|x64.ActiveCfg = Release|x64
		{D5B65582-D42E-4BE7-82FC-3C56968769EC}.Release|x64.Build.0 = Release|x64
		{C8B07E02-3147-4A5F-B4CA-E1D0241BC7C5}.Debug|Win32.ActiveCfg = Debug|Win32
		{C8B07E02-3147-4A5F-B4CA-E1D0241BC7C5}.Debug|Win32.Build.0 = Debug|Win32
		{C8B07E02-3147-4A5F-B4CA-E1D0241BC7C5}.Debug|x64.ActiveCfg = Debug|x64
		{C8B07E02-3147-4A5F-B4CA-E1D0241BC7C5}.Debug|x64.Build.0 = Debug|x64
		{C8B07E02-3147-4A5F-B4CA-E1D0241BC7C5}.Release|Win32.ActiveCfg = Release|Win32
		{C8B07E02-3147-4A5F-B4CA-E1D0241BC7C5}.Release|Win32.Build.0 = Release|Win32
		{C8B07E02-3147-4A5F-B4CA-E1D0241BC7C5}.Release|x64.ActiveCfg = Release|x64
		{C8B07E02-3147-4A5F-B4CA-E1D0241BC7C5}.Release|x64.Build.0 = Release|x64
		{90A36E87-E8AE-417D-B532-1A4E3E9295ED}.Debug|Win32.ActiveCfg = Debug|Win32
		{90A36E87-E8AE-417D-B532-1A4E3E9295ED}.Debug|Win32.Build.0 = Debug|Win32
		{90A36E87-E8AE-417D-B532-1A4E3E9295ED}.Debug|x64.ActiveCfg = Debug|x64
		{90A36E87-E8AE-417D-B532-1A4E3E9295ED}.Debug|x64.Build.0 = Debug|x64
		{90A36E87-E8AE-417D-B532-1A4E3E9295ED}.Release|Win32.ActiveCfg = Release|Win32
		{90A36E87-E8AE-417D-B532-1A4E3E9295ED}.Release|Win32.Build.0 = Release|Win32
		{90A36E87-E8AE-417D-B532-1A4E3E9295ED}.Release|x64.ActiveCfg = Release|x64
		{90A36E87-E8AE-417D-B532-1A4E3E9295ED}.Release|x64.Build.0 = Release|x64
		{FA08600B-F7CD-4BFB-9EDF-BE177032DA7A}.Debug|Win32.ActiveCfg = Debug|Win32
		{FA08600B-F7CD-4BFB-9EDF-BE177032DA7A}.Debug|Win32.Build.0 = Debug|Win32
		{FA08600B-F7CD-4BFB-9EDF-BE177032DA7A}.Debug|x64.ActiveCfg = Debug|x64
		{FA08600B-F7CD-4BFB-9EDF-BE177032DA7A}.Debug|x64.Build.0 = Debug|x64
		{FA08600B-F7CD-4BFB-9EDF-BE177032DA7A}.Release|Win32.ActiveCfg = Release|Win32
		{FA08600B-F7CD-4BFB-9EDF-BE177032DA7A}.Release|Win32.Build.0 = Release|Win32
		{FA08600B-F7CD-4BFB-9EDF-BE177032DA7A}.Release|x64.ActiveCfg = Release|x64
		{FA08600B-F7CD-4BFB-9EDF-BE177032DA7A}.Release|x64.Build.0 = Release|x64
		{A0E165EB-A556-4402-99A3-FD87817CD437}.Debug|Win32.ActiveCfg = Debug|Win32
		{A0E165EB-A556-4402-99A3-FD87817CD437}.Debug|Win32.Build.0 = Debug|Win32
		{A0E165EB-A556-4402-99A3-FD87817CD437}.Debug|x64.ActiveCfg = Debug|x64
		{A0E165EB-A556-4402-99A3-FD87817CD437}.Debug|x64.Build.0 = Debug|x64
		{A0E165EB-A556-4402-99A3-FD87817CD437}.Release|Win32.ActiveCfg = Release|Win32
		{A0E165EB-A556-4402-99A3-FD87817CD437}.Release|Win32.Build.0 = Release|Win32
		{A0E165EB-A556-4402-99A3-FD87817CD437}.Release|x64.ActiveCfg = Release|x64
		{A0E165EB-A556-4402-99A3-FD87817CD437}.Release|x64.Build.0 = Release|x64
		{167686A5-20A7-462F-9251-5CA65E15BD3B}.Debug|Win32.ActiveCfg = Debug|Win32
		{167686A5-20A7-462F-9251-5CA65E15BD3B}.Debug|Win32.Build.0 = Debug|Win32
		{167686A5-20A7-462F-9251-5CA65E15BD3B}.Debug|x64.ActiveCfg = Debug|x64
		{167686A5-20A7-462F-9251-5CA65E15BD3B}.Debug|x64.Build.0 = Debug|x64
		{167686A5-20A7-462F-9251-5CA65E15BD3B}.Release|Win32.ActiveCfg = Release|Win32
		{167686A5-20A7-462F-9251-5CA65E15BD3B}.Release|Win32.Build.0 = Release|Win32
		{167686A5-20A7-462F-9251-5CA65E15BD3B}.Release|x64.ActiveCfg = Release|x64
		{167686A5-20A7-462F-9251-5CA65E15BD3B}.Release|x64.Build.0 = Release|x64
		{E164257A-089E-4BA7-B471-B5C0568E100A}.Debug|Win32.ActiveCfg = Debug|Win32
		{E164257A-089E-4BA7-B471-B5C0568E100A}.Debug|Win32.Build.0 = Debug|Win32
		{E164257A-089E-4BA7-B471-B5C0568E100A}.Debug|x64.ActiveCfg = Debug|x64
		{E164257A-089E-4BA7-B471-B5C0568E100A}.Debug|x64.Build.0 = Debug|x64
		{E164257A-089E-4BA7-B471-B5C0568E100A}.Release|Win32.ActiveCfg = Release|Win32
		{E164257A-089E-4BA7-B471-B5C0568E100A}.Release|Win32.Build.0 = Release|Win32
		{E164257A-089E-4BA7-B471-B5C0568E100A}.Release|x64.ActiveCfg = Release|x64
		{E164257A-089E-4BA7-B471-B5C0568E100A}.Release|x64.Build.0 = Release|x64
		{81997C9A-2057-409C-820C-F8188A05621D}.Debug|Win32.ActiveCfg = Debug|Win32
		{81997C9A-2057-409C-820C-F8188A05621D}.Debug|Win32.Build.0 = Debug|Win32
		{81997C9A-2057-409C-820C-F8188A05621D}.Debug|x64.ActiveCfg = Debug|x64
		{81997C9A-2057-409C-820C-F8188A05621D}.Debug|x64.Build.0 = Debug|x64
		{81997C9A-2057-409C-820C-F8188A05621D}.Release|Win32.ActiveCfg = Release|Win32
		{81997C9A-2057-409C-820C-F8188A05621D}.Release|Win32.Build.0 = Release|Win32
		{81997C9A-2057-409C-820C-F8188A05621D}.Release|x64.ActiveCfg = Release|x64
		{81997C9A-2057-409C-820C-F8188A05621D}.Release|x64.Build.0 = Release|x64
		{BC487996-F965-4488-B308-E585D113190C}.Debug|Win32.ActiveCfg = Debug|Win32
		{BC487996-F965-4488-B308-E585D113190C}.Debug|Win32.Build.0 = Debug|Win32
		{BC487996-F965-4488-B308-E585D113190C}.Debug|x64.ActiveCfg = Debug|x64
		{BC487996-F965-4488-B308-E585D113190C}.Debug|x64.Build.0 = Debug|x64
		{BC487996-F965-4488-B308-E585D113190C}.Release|Win32.ActiveCfg = Release|Win32
		{BC487996-F965-4488-B308-E585D113190C}.Release|Win32.Build.0 = Release|Win32
		{BC487996-F965-4488-B308-E585D113190C}.Release|x64.ActiveCfg = Release|x64
		{BC487996-F965-4488-B308-E585D113190C}.Release|x64.Build.0 = Release|x64
		{769D9FF3-50B9-4808-ABA2-958FE18D88B0}.Debug|Win32.ActiveCfg = Debug|Win32
		{769D9FF3-50B9-4808-ABA2-958FE18D88B0}.Debug|Win32.Build.0 = Debug|Win32
		{769D9FF3-50B9-4808-ABA2-958FE18D88B0}.Debug|x64.ActiveCfg = Debug|x64
		{769D9FF3-50B9-4808-ABA2-958FE18D88B0}.Debug|x64.Build.0 = Debug|x64
		{769D9FF3-50B9-4808-ABA2-958FE18D88B0}.Release|Win32.ActiveCfg = Release|Win32
		{769D9FF3-50B9-4808-ABA2-958FE18D88B0}.Release|Win32.Build.0 = Release|Win32
		{769D9FF3-50B9-4808-ABA2-958FE18D88B0}.Release|x64.ActiveCfg = Release|x64
		{769D9FF3-50B9-4808-ABA2-958FE18D88B0}.Release|x64.Build.0 = Release|x64
		{F0F40DD3-62C0-4DA8-922D-37B5E4804966}.Debug|Win32.ActiveCfg = Debug|Win32
		{F0F40DD3-62C0-4DA8-922D-37B5E4804966}.Debug|Win32.Build.0 = Debug|Win32
		{F0F40DD3-62C0-4DA8-922D-37B5E4804966}.Debug|x64.ActiveCfg = Debug|x64
		{F0F40DD3-62C0-4DA8-922D-37B5E4804966}.Debug|x64.Build.0 = Debug|x64
		{F0F40DD3-62C0-4DA8-922D-37B5E4804966}.Release|Win32.ActiveCfg = Release|Win32
		{F0F40DD3-62C0-4DA8-922D-37B5E4804966}.Release|Win32.Build.0 = Release|Win32
		{F0F40DD3-62C0-4DA8-922D-37B5E4804966}.Release|x64.ActiveCfg = Release|x64
		{F0F40DD3-62C0-4DA8-922D-37B5E4804966}.Release|x64.Build.0 = Release|x64
		{668B886A-1E61-431E-AEF5-2A8E67AF89FE}.Debug|Win32.ActiveCfg = Debug|Win32
		{668B886A-1E61-431E-AEF5-2A8E67AF89FE}.Debug|Win32.Build.0 = Debug|Win32
		{668B886A-1E61-431E-AEF5-2A8E67AF89FE}.Debug|x64.ActiveCfg = Debug|x64
		{668B886A-1E61-431E-AEF5-2A8E67AF89FE}.Debug|x64.Build.0 = Debug|x64
		{668B886A-1E61-431E-AEF5-2A8E67AF89FE}.Release|Win32.ActiveCfg = Release|Win32
		{668B886A-1E61-431E-AEF5-2A8E67AF89FE}.Release|Win32.Build.0 = Release|Win32
		{668B886A-1E61-431E-AEF5-2A8E67AF89FE}.Release|x64.ActiveCfg = Release|x64
		{668B886A-1E61-431E-AEF5-2A8E67AF89FE}.Release|x64.Build.0 = Release|x64
	EndGlobalSection
EndGlobal
